
Microsoft Visual Studio Solution File, Format Version 12.00
# Visual Studio Version 17
VisualStudioVersion = 17.10.34928.147
MinimumVisualStudioVersion = 10.0.40219.1
Project("{9A19103F-16F7-4668-BE54-9A1E7A4F7556}") = "Core", "Core\Core.csproj", "{D58C520B-A8F3-4AA1-94BE-8170FA73186E}"
EndProject
Project("{9A19103F-16F7-4668-BE54-9A1E7A4F7556}") = "Business", "Business\Business.csproj", "{BC766BE2-5F81-402A-B62B-7ACAB741214C}"
EndProject
Project("{9A19103F-16F7-4668-BE54-9A1E7A4F7556}") = "Entities", "Entities\Entities.csproj", "{294C3EC4-C62D-44BE-B327-22D966046DA5}"
EndProject
Project("{9A19103F-16F7-4668-BE54-9A1E7A4F7556}") = "DataAccess", "DataAccess\DataAccess.csproj", "{FEA8619B-6421-4A6D-AF9F-29E7DFDC3049}"
EndProject
Project("{FAE04EC0-301F-11D3-BF4B-00C04F79EFBC}") = "WebAPI", "WebAPI\WebAPI.csproj", "{5282127D-35C3-4E63-9E78-596B58720C9B}"
EndProject
Global
	GlobalSection(SolutionConfigurationPlatforms) = preSolution
		Debug|Any CPU = Debug|Any CPU
		Release|Any CPU = Release|Any CPU
	EndGlobalSection
	GlobalSection(ProjectConfigurationPlatforms) = postSolution
		{D58C520B-A8F3-4AA1-94BE-8170FA73186E}.Debug|Any CPU.ActiveCfg = Debug|Any CPU
		{D58C520B-A8F3-4AA1-94BE-8170FA73186E}.Debug|Any CPU.Build.0 = Debug|Any CPU
		{D58C520B-A8F3-4AA1-94BE-8170FA73186E}.Release|Any CPU.ActiveCfg = Release|Any CPU
		{D58C520B-A8F3-4AA1-94BE-8170FA73186E}.Release|Any CPU.Build.0 = Release|Any CPU
		{BC766BE2-5F81-402A-B62B-7ACAB741214C}.Debug|Any CPU.ActiveCfg = Debug|Any CPU
		{BC766BE2-5F81-402A-B62B-7ACAB741214C}.Debug|Any CPU.Build.0 = Debug|Any CPU
		{BC766BE2-5F81-402A-B62B-7ACAB741214C}.Release|Any CPU.ActiveCfg = Release|Any CPU
		{BC766BE2-5F81-402A-B62B-7ACAB741214C}.Release|Any CPU.Build.0 = Release|Any CPU
		{294C3EC4-C62D-44BE-B327-22D966046DA5}.Debug|Any CPU.ActiveCfg = Debug|Any CPU
		{294C3EC4-C62D-44BE-B327-22D966046DA5}.Debug|Any CPU.Build.0 = Debug|Any CPU
		{294C3EC4-C62D-44BE-B327-22D966046DA5}.Release|Any CPU.ActiveCfg = Release|Any CPU
		{294C3EC4-C62D-44BE-B327-22D966046DA5}.Release|Any CPU.Build.0 = Release|Any CPU
		{FEA8619B-6421-4A6D-AF9F-29E7DFDC3049}.Debug|Any CPU.ActiveCfg = Debug|Any CPU
		{FEA8619B-6421-4A6D-AF9F-29E7DFDC3049}.Debug|Any CPU.Build.0 = Debug|Any CPU
		{FEA8619B-6421-4A6D-AF9F-29E7DFDC3049}.Release|Any CPU.ActiveCfg = Release|Any CPU
		{FEA8619B-6421-4A6D-AF9F-29E7DFDC3049}.Release|Any CPU.Build.0 = Release|Any CPU
		{5282127D-35C3-4E63-9E78-596B58720C9B}.Debug|Any CPU.ActiveCfg = Debug|Any CPU
		{5282127D-35C3-4E63-9E78-596B58720C9B}.Debug|Any CPU.Build.0 = Debug|Any CPU
		{5282127D-35C3-4E63-9E78-596B58720C9B}.Release|Any CPU.ActiveCfg = Release|Any CPU
		{5282127D-35C3-4E63-9E78-596B58720C9B}.Release|Any CPU.Build.0 = Release|Any CPU
	EndGlobalSection
	GlobalSection(SolutionProperties) = preSolution
		HideSolutionNode = FALSE
	EndGlobalSection
	GlobalSection(ExtensibilityGlobals) = postSolution
		SolutionGuid = {FEFC362B-5616-4CFD-9DBB-C14B9D7E1D55}
	EndGlobalSection
EndGlobal
